
Microsoft Visual Studio Solution File, Format Version 12.00
# Visual Studio 15
VisualStudioVersion = 15.0.27004.2009
MinimumVisualStudioVersion = 10.0.40219.1
Project("{FAE04EC0-301F-11D3-BF4B-00C04F79EFBC}") = "SharpNetwork", "SharpNetwork\SharpNetwork.csproj", "{9888BC99-A43F-4AB6-8B54-8AC0119A69C6}"
EndProject
Project("{FAE04EC0-301F-11D3-BF4B-00C04F79EFBC}") = "SharpNetworkTests", "SharpNetworkTests\SharpNetworkTests.csproj", "{3E999070-C431-4C00-B52F-D9A190744FD9}"
EndProject
Global
	GlobalSection(SolutionConfigurationPlatforms) = preSolution
		Debug|Any CPU = Debug|Any CPU
		Release|Any CPU = Release|Any CPU
	EndGlobalSection
	GlobalSection(ProjectConfigurationPlatforms) = postSolution
		{9888BC99-A43F-4AB6-8B54-8AC0119A69C6}.Debug|Any CPU.ActiveCfg = Debug|Any CPU
		{9888BC99-A43F-4AB6-8B54-8AC0119A69C6}.Debug|Any CPU.Build.0 = Debug|Any CPU
		{9888BC99-A43F-4AB6-8B54-8AC0119A69C6}.Release|Any CPU.ActiveCfg = Release|Any CPU
		{9888BC99-A43F-4AB6-8B54-8AC0119A69C6}.Release|Any CPU.Build.0 = Release|Any CPU
		{3E999070-C431-4C00-B52F-D9A190744FD9}.Debug|Any CPU.ActiveCfg = Debug|Any CPU
		{3E999070-C431-4C00-B52F-D9A190744FD9}.Debug|Any CPU.Build.0 = Debug|Any CPU
		{3E999070-C431-4C00-B52F-D9A190744FD9}.Release|Any CPU.ActiveCfg = Release|Any CPU
		{3E999070-C431-4C00-B52F-D9A190744FD9}.Release|Any CPU.Build.0 = Release|Any CPU
	EndGlobalSection
	GlobalSection(SolutionProperties) = preSolution
		HideSolutionNode = FALSE
	EndGlobalSection
	GlobalSection(ExtensibilityGlobals) = postSolution
		SolutionGuid = {FC15CBC8-6716-46B2-9C49-5BBA1F4BFFB8}
	EndGlobalSection
EndGlobal
